
Microsoft Visual Studio Solution File, Format Version 12.00
# Visual Studio Version 17
VisualStudioVersion = 17.14.36518.9 d17.14
MinimumVisualStudioVersion = 10.0.40219.1
Project("{FAE04EC0-301F-11D3-BF4B-00C04F79EFBC}") = "DiaryApp", "DiaryApp\DiaryApp.csproj", "{A598EE4A-2F4B-4B93-9A43-DBCDF7C86F2B}"
EndProject
Global
	GlobalSection(SolutionConfigurationPlatforms) = preSolution
		Debug|Any CPU = Debug|Any CPU
		Release|Any CPU = Release|Any CPU
	EndGlobalSection
	GlobalSection(ProjectConfigurationPlatforms) = postSolution
		{A598EE4A-2F4B-4B93-9A43-DBCDF7C86F2B}.Debug|Any CPU.ActiveCfg = Debug|Any CPU
		{A598EE4A-2F4B-4B93-9A43-DBCDF7C86F2B}.Debug|Any CPU.Build.0 = Debug|Any CPU
		{A598EE4A-2F4B-4B93-9A43-DBCDF7C86F2B}.Release|Any CPU.ActiveCfg = Release|Any CPU
		{A598EE4A-2F4B-4B93-9A43-DBCDF7C86F2B}.Release|Any CPU.Build.0 = Release|Any CPU
	EndGlobalSection
	GlobalSection(SolutionProperties) = preSolution
		HideSolutionNode = FALSE
	EndGlobalSection
	GlobalSection(ExtensibilityGlobals) = postSolution
		SolutionGuid = {C03BED71-48B8-43E1-AC98-7290318DC6EC}
	EndGlobalSection
EndGlobal
